// !$*UTF8*$!
{
	archiveVersion = 1;
	classes = {
	};
	objectVersion = 56;
	objects = {

/* Begin PBXBuildFile section */
		76BA7EA02AE620A20025BD46 /* AppDelegate.swift in Sources */ = {isa = PBXBuildFile; fileRef = 76BA7E9F2AE620A20025BD46 /* AppDelegate.swift */; };
		76BA7EA22AE620A20025BD46 /* SceneDelegate.swift in Sources */ = {isa = PBXBuildFile; fileRef = 76BA7EA12AE620A20025BD46 /* SceneDelegate.swift */; };
		76BA7EA42AE620A20025BD46 /* ViewController.swift in Sources */ = {isa = PBXBuildFile; fileRef = 76BA7EA32AE620A20025BD46 /* ViewController.swift */; };
		76BA7EA72AE620A20025BD46 /* Main.storyboard in Resources */ = {isa = PBXBuildFile; fileRef = 76BA7EA52AE620A20025BD46 /* Main.storyboard */; };
		76BA7EA92AE620A30025BD46 /* Assets.xcassets in Resources */ = {isa = PBXBuildFile; fileRef = 76BA7EA82AE620A30025BD46 /* Assets.xcassets */; };
		76BA7EAC2AE620A30025BD46 /* LaunchScreen.storyboard in Resources */ = {isa = PBXBuildFile; fileRef = 76BA7EAA2AE620A30025BD46 /* LaunchScreen.storyboard */; };
		76BA7EB52AE6212F0025BD46 /* Alamofire in Frameworks */ = {isa = PBXBuildFile; productRef = 76BA7EB42AE6212F0025BD46 /* Alamofire */; };
		76BA7EB72AE621560025BD46 /* NetworkingProvider.swift in Sources */ = {isa = PBXBuildFile; fileRef = 76BA7EB62AE621560025BD46 /* NetworkingProvider.swift */; };
		76BA7EBB2AE622AE0025BD46 /* User.swift in Sources */ = {isa = PBXBuildFile; fileRef = 76BA7EBA2AE622AE0025BD46 /* User.swift */; };
/* End PBXBuildFile section */

/* Begin PBXFileReference section */
		76BA7E9C2AE620A20025BD46 /* Networking.app */ = {isa = PBXFileReference; explicitFileType = wrapper.application; includeInIndex = 0; path = Networking.app; sourceTree = BUILT_PRODUCTS_DIR; };
		76BA7E9F2AE620A20025BD46 /* AppDelegate.swift */ = {isa = PBXFileReference; lastKnownFileType = sourcecode.swift; path = AppDelegate.swift; sourceTree = "<group>"; };
		76BA7EA12AE620A20025BD46 /* SceneDelegate.swift */ = {isa = PBXFileReference; lastKnownFileType = sourcecode.swift; path = SceneDelegate.swift; sourceTree = "<group>"; };
		76BA7EA32AE620A20025BD46 /* ViewController.swift */ = {isa = PBXFileReference; lastKnownFileType = sourcecode.swift; path = ViewController.swift; sourceTree = "<group>"; };
		76BA7EA62AE620A20025BD46 /* Base */ = {isa = PBXFileReference; lastKnownFileType = file.storyboard; name = Base; path = Base.lproj/Main.storyboard; sourceTree = "<group>"; };
		76BA7EA82AE620A30025BD46 /* Assets.xcassets */ = {isa = PBXFileReference; lastKnownFileType = folder.assetcatalog; path = Assets.xcassets; sourceTree = "<group>"; };
		76BA7EAB2AE620A30025BD46 /* Base */ = {isa = PBXFileReference; lastKnownFileType = file.storyboard; name = Base; path = Base.lproj/LaunchScreen.storyboard; sourceTree = "<group>"; };
		76BA7EAD2AE620A30025BD46 /* Info.plist */ = {isa = PBXFileReference; lastKnownFileType = text.plist.xml; path = Info.plist; sourceTree = "<group>"; };
		76BA7EB62AE621560025BD46 /* NetworkingProvider.swift */ = {isa = PBXFileReference; lastKnownFileType = sourcecode.swift; path = NetworkingProvider.swift; sourceTree = "<group>"; };
		76BA7EBA2AE622AE0025BD46 /* User.swift */ = {isa = PBXFileReference; lastKnownFileType = sourcecode.swift; path = User.swift; sourceTree = "<group>"; };
/* End PBXFileReference section */

/* Begin PBXFrameworksBuildPhase section */
		76BA7E992AE620A20025BD46 /* Frameworks */ = {
			isa = PBXFrameworksBuildPhase;
			buildActionMask = 2147483647;
			files = (
				76BA7EB52AE6212F0025BD46 /* Alamofire in Frameworks */,
			);
			runOnlyForDeploymentPostprocessing = 0;
		};
/* End PBXFrameworksBuildPhase section */

/* Begin PBXGroup section */
		76BA7E932AE620A20025BD46 = {
			isa = PBXGroup;
			children = (
				76BA7E9E2AE620A20025BD46 /* Networking */,
				76BA7E9D2AE620A20025BD46 /* Products */,
			);
			sourceTree = "<group>";
		};
		76BA7E9D2AE620A20025BD46 /* Products */ = {
			isa = PBXGroup;
			children = (
				76BA7E9C2AE620A20025BD46 /* Networking.app */,
			);
			name = Products;
			sourceTree = "<group>";
		};
		76BA7E9E2AE620A20025BD46 /* Networking */ = {
			isa = PBXGroup;
			children = (
				76BA7EB82AE6224B0025BD46 /* Network */,
				76BA7E9F2AE620A20025BD46 /* AppDelegate.swift */,
				76BA7EA12AE620A20025BD46 /* SceneDelegate.swift */,
				76BA7EA32AE620A20025BD46 /* ViewController.swift */,
				76BA7EA52AE620A20025BD46 /* Main.storyboard */,
				76BA7EA82AE620A30025BD46 /* Assets.xcassets */,
				76BA7EAA2AE620A30025BD46 /* LaunchScreen.storyboard */,
				76BA7EAD2AE620A30025BD46 /* Info.plist */,
			);
			path = Networking;
			sourceTree = "<group>";
		};
		76BA7EB82AE6224B0025BD46 /* Network */ = {
			isa = PBXGroup;
			children = (
				76BA7EB92AE6229B0025BD46 /* Data */,
				76BA7EB62AE621560025BD46 /* NetworkingProvider.swift */,
			);
			path = Network;
			sourceTree = "<group>";
		};
		76BA7EB92AE6229B0025BD46 /* Data */ = {
			isa = PBXGroup;
			children = (
				76BA7EBA2AE622AE0025BD46 /* User.swift */,
			);
			path = Data;
			sourceTree = "<group>";
		};
/* End PBXGroup section */

/* Begin PBXNativeTarget section */
		76BA7E9B2AE620A20025BD46 /* Networking */ = {
			isa = PBXNativeTarget;
			buildConfigurationList = 76BA7EB02AE620A30025BD46 /* Build configuration list for PBXNativeTarget "Networking" */;
			buildPhases = (
				76BA7E982AE620A20025BD46 /* Sources */,
				76BA7E992AE620A20025BD46 /* Frameworks */,
				76BA7E9A2AE620A20025BD46 /* Resources */,
			);
			buildRules = (
			);
			dependencies = (
			);
			name = Networking;
			packageProductDependencies = (
				76BA7EB42AE6212F0025BD46 /* Alamofire */,
			);
			productName = Networking;
			productReference = 76BA7E9C2AE620A20025BD46 /* Networking.app */;
			productType = "com.apple.product-type.application";
		};
/* End PBXNativeTarget section */

/* Begin PBXProject section */
		76BA7E942AE620A20025BD46 /* Project object */ = {
			isa = PBXProject;
			attributes = {
				BuildIndependentTargetsInParallel = 1;
				LastSwiftUpdateCheck = 1500;
				LastUpgradeCheck = 1500;
				TargetAttributes = {
					76BA7E9B2AE620A20025BD46 = {
						CreatedOnToolsVersion = 15.0;
					};
				};
			};
			buildConfigurationList = 76BA7E972AE620A20025BD46 /* Build configuration list for PBXProject "Networking" */;
			compatibilityVersion = "Xcode 14.0";
			developmentRegion = en;
			hasScannedForEncodings = 0;
			knownRegions = (
				en,
				Base,
			);
			mainGroup = 76BA7E932AE620A20025BD46;
			packageReferences = (
				76BA7EB32AE6212F0025BD46 /* XCRemoteSwiftPackageReference "Alamofire" */,
			);
			productRefGroup = 76BA7E9D2AE620A20025BD46 /* Products */;
			projectDirPath = "";
			projectRoot = "";
			targets = (
				76BA7E9B2AE620A20025BD46 /* Networking */,
			);
		};
/* End PBXProject section */

/* Begin PBXResourcesBuildPhase section */
		76BA7E9A2AE620A20025BD46 /* Resources */ = {
			isa = PBXResourcesBuildPhase;
			buildActionMask = 2147483647;
			files = (
				76BA7EAC2AE620A30025BD46 /* LaunchScreen.storyboard in Resources */,
				76BA7EA92AE620A30025BD46 /* Assets.xcassets in Resources */,
				76BA7EA72AE620A20025BD46 /* Main.storyboard in Resources */,
			);
			runOnlyForDeploymentPostprocessing = 0;
		};
/* End PBXResourcesBuildPhase section */

/* Begin PBXSourcesBuildPhase section */
		76BA7E982AE620A20025BD46 /* Sources */ = {
			isa = PBXSourcesBuildPhase;
			buildActionMask = 2147483647;
			files = (
				76BA7EA42AE620A20025BD46 /* ViewController.swift in Sources */,
				76BA7EA02AE620A20025BD46 /* AppDelegate.swift in Sources */,
				76BA7EB72AE621560025BD46 /* NetworkingProvider.swift in Sources */,
				76BA7EBB2AE622AE0025BD46 /* User.swift in Sources */,
				76BA7EA22AE620A20025BD46 /* SceneDelegate.swift in Sources */,
			);
			runOnlyForDeploymentPostprocessing = 0;
		};
/* End PBXSourcesBuildPhase section */

/* Begin PBXVariantGroup section */
		76BA7EA52AE620A20025BD46 /* Main.storyboard */ = {
			isa = PBXVariantGroup;
			children = (
				76BA7EA62AE620A20025BD46 /* Base */,
			);
			name = Main.storyboard;
			sourceTree = "<group>";
		};
		76BA7EAA2AE620A30025BD46 /* LaunchScreen.storyboard */ = {
			isa = PBXVariantGroup;
			children = (
				76BA7EAB2AE620A30025BD46 /* Base */,
			);
			name = LaunchScreen.storyboard;
			sourceTree = "<group>";
		};
/* End PBXVariantGroup section */

/* Begin XCBuildConfiguration section */
		76BA7EAE2AE620A30025BD46 /* Debug */ = {
			isa = XCBuildConfiguration;
			buildSettings = {
				ALWAYS_SEARCH_USER_PATHS = NO;
				ASSETCATALOG_COMPILER_GENERATE_SWIFT_ASSET_SYMBOL_EXTENSIONS = YES;
				CLANG_ANALYZER_NONNULL = YES;
				CLANG_ANALYZER_NUMBER_OBJECT_CONVERSION = YES_AGGRESSIVE;
				CLANG_CXX_LANGUAGE_STANDARD = "gnu++20";
				CLANG_ENABLE_MODULES = YES;
				CLANG_ENABLE_OBJC_ARC = YES;
				CLANG_ENABLE_OBJC_WEAK = YES;
				CLANG_WARN_BLOCK_CAPTURE_AUTORELEASING = YES;
				CLANG_WARN_BOOL_CONVERSION = YES;
				CLANG_WARN_COMMA = YES;
				CLANG_WARN_CONSTANT_CONVERSION = YES;
				CLANG_WARN_DEPRECATED_OBJC_IMPLEMENTATIONS = YES;
				CLANG_WARN_DIRECT_OBJC_ISA_USAGE = YES_ERROR;
				CLANG_WARN_DOCUMENTATION_COMMENTS = YES;
				CLANG_WARN_EMPTY_BODY = YES;
				CLANG_WARN_ENUM_CONVERSION = YES;
				CLANG_WARN_INFINITE_RECURSION = YES;
				CLANG_WARN_INT_CONVERSION = YES;
				CLANG_WARN_NON_LITERAL_NULL_CONVERSION = YES;
				CLANG_WARN_OBJC_IMPLICIT_RETAIN_SELF = YES;
				CLANG_WARN_OBJC_LITERAL_CONVERSION = YES;
				CLANG_WARN_OBJC_ROOT_CLASS = YES_ERROR;
				CLANG_WARN_QUOTED_INCLUDE_IN_FRAMEWORK_HEADER = YES;
				CLANG_WARN_RANGE_LOOP_ANALYSIS = YES;
				CLANG_WARN_STRICT_PROTOTYPES = YES;
				CLANG_WARN_SUSPICIOUS_MOVE = YES;
				CLANG_WARN_UNGUARDED_AVAILABILITY = YES_AGGRESSIVE;
				CLANG_WARN_UNREACHABLE_CODE = YES;
				CLANG_WARN__DUPLICATE_METHOD_MATCH = YES;
				COPY_PHASE_STRIP = NO;
				DEBUG_INFORMATION_FORMAT = dwarf;
				ENABLE_STRICT_OBJC_MSGSEND = YES;
				ENABLE_TESTABILITY = YES;
				ENABLE_USER_SCRIPT_SANDBOXING = YES;
				GCC_C_LANGUAGE_STANDARD = gnu17;
				GCC_DYNAMIC_NO_PIC = NO;
				GCC_NO_COMMON_BLOCKS = YES;
				GCC_OPTIMIZATION_LEVEL = 0;
				GCC_PREPROCESSOR_DEFINITIONS = (
					"DEBUG=1",
					"$(inherited)",
				);
				GCC_WARN_64_TO_32_BIT_CONVERSION = YES;
				GCC_WARN_ABOUT_RETURN_TYPE = YES_ERROR;
				GCC_WARN_UNDECLARED_SELECTOR = YES;
				GCC_WARN_UNINITIALIZED_AUTOS = YES_AGGRESSIVE;
				GCC_WARN_UNUSED_FUNCTION = YES;
				GCC_WARN_UNUSED_VARIABLE = YES;
				IPHONEOS_DEPLOYMENT_TARGET = 17.0;
				LOCALIZATION_PREFERS_STRING_CATALOGS = YES;
				MTL_ENABLE_DEBUG_INFO = INCLUDE_SOURCE;
				MTL_FAST_MATH = YES;
				ONLY_ACTIVE_ARCH = YES;
				SDKROOT = iphoneos;
				SWIFT_ACTIVE_COMPILATION_CONDITIONS = "DEBUG $(inherited)";
				SWIFT_OPTIMIZATION_LEVEL = "-Onone";
			};
			name = Debug;
		};
		76BA7EAF2AE620A30025BD46 /* Release */ = {
			isa = XCBuildConfiguration;
			buildSettings = {
				ALWAYS_SEARCH_USER_PATHS = NO;
				ASSETCATALOG_COMPILER_GENERATE_SWIFT_ASSET_SYMBOL_EXTENSIONS = YES;
				CLANG_ANALYZER_NONNULL = YES;
				CLANG_ANALYZER_NUMBER_OBJECT_CONVERSION = YES_AGGRESSIVE;
				CLANG_CXX_LANGUAGE_STANDARD = "gnu++20";
				CLANG_ENABLE_MODULES = YES;
				CLANG_ENABLE_OBJC_ARC = YES;
				CLANG_ENABLE_OBJC_WEAK = YES;
				CLANG_WARN_BLOCK_CAPTURE_AUTORELEASING = YES;
				CLANG_WARN_BOOL_CONVERSION = YES;
				CLANG_WARN_COMMA = YES;
				CLANG_WARN_CONSTANT_CONVERSION = YES;
				CLANG_WARN_DEPRECATED_OBJC_IMPLEMENTATIONS = YES;
				CLANG_WARN_DIRECT_OBJC_ISA_USAGE = YES_ERROR;
				CLANG_WARN_DOCUMENTATION_COMMENTS = YES;
				CLANG_WARN_EMPTY_BODY = YES;
				CLANG_WARN_ENUM_CONVERSION = YES;
				CLANG_WARN_INFINITE_RECURSION = YES;
				CLANG_WARN_INT_CONVERSION = YES;
				CLANG_WARN_NON_LITERAL_NULL_CONVERSION = YES;
				CLANG_WARN_OBJC_IMPLICIT_RETAIN_SELF = YES;
				CLANG_WARN_OBJC_LITERAL_CONVERSION = YES;
				CLANG_WARN_OBJC_ROOT_CLASS = YES_ERROR;
				CLANG_WARN_QUOTED_INCLUDE_IN_FRAMEWORK_HEADER = YES;
				CLANG_WARN_RANGE_LOOP_ANALYSIS = YES;
				CLANG_WARN_STRICT_PROTOTYPES = YES;
				CLANG_WARN_SUSPICIOUS_MOVE = YES;
				CLANG_WARN_UNGUARDED_AVAILABILITY = YES_AGGRESSIVE;
				CLANG_WARN_UNREACHABLE_CODE = YES;
				CLANG_WARN__DUPLICATE_METHOD_MATCH = YES;
				COPY_PHASE_STRIP = NO;
				DEBUG_INFORMATION_FORMAT = "dwarf-with-dsym";
				ENABLE_NS_ASSERTIONS = NO;
				ENABLE_STRICT_OBJC_MSGSEND = YES;
				ENABLE_USER_SCRIPT_SANDBOXING = YES;
				GCC_C_LANGUAGE_STANDARD = gnu17;
				GCC_NO_COMMON_BLOCKS = YES;
				GCC_WARN_64_TO_32_BIT_CONVERSION = YES;
				GCC_WARN_ABOUT_RETURN_TYPE = YES_ERROR;
				GCC_WARN_UNDECLARED_SELECTOR = YES;
				GCC_WARN_UNINITIALIZED_AUTOS = YES_AGGRESSIVE;
				GCC_WARN_UNUSED_FUNCTION = YES;
				GCC_WARN_UNUSED_VARIABLE = YES;
				IPHONEOS_DEPLOYMENT_TARGET = 17.0;
				LOCALIZATION_PREFERS_STRING_CATALOGS = YES;
				MTL_ENABLE_DEBUG_INFO = NO;
				MTL_FAST_MATH = YES;
				SDKROOT = iphoneos;
				SWIFT_COMPILATION_MODE = wholemodule;
				VALIDATE_PRODUCT = YES;
			};
			name = Release;
		};
		76BA7EB12AE620A30025BD46 /* Debug */ = {
			isa = XCBuildConfiguration;
			buildSettings = {
				ASSETCATALOG_COMPILER_APPICON_NAME = AppIcon;
				ASSETCATALOG_COMPILER_GLOBAL_ACCENT_COLOR_NAME = AccentColor;
				CODE_SIGN_STYLE = Automatic;
				CURRENT_PROJECT_VERSION = 1;
				DEVELOPMENT_TEAM = 74NY73AJ42;
				GENERATE_INFOPLIST_FILE = YES;
				INFOPLIST_FILE = Networking/Info.plist;
				INFOPLIST_KEY_UIApplicationSupportsIndirectInputEvents = YES;
				INFOPLIST_KEY_UILaunchStoryboardName = LaunchScreen;
				INFOPLIST_KEY_UIMainStoryboardFile = Main;
				INFOPLIST_KEY_UISupportedInterfaceOrientations_iPad = "UIInterfaceOrientationPortrait UIInterfaceOrientationPortraitUpsideDown UIInterfaceOrientationLandscapeLeft UIInterfaceOrientationLandscapeRight";
				INFOPLIST_KEY_UISupportedInterfaceOrientations_iPhone = "UIInterfaceOrientationPortrait UIInterfaceOrientationLandscapeLeft UIInterfaceOrientationLandscapeRight";
				LD_RUNPATH_SEARCH_PATHS = (
					"$(inherited)",
					"@executable_path/Frameworks",
				);
				MARKETING_VERSION = 1.0;
				PRODUCT_BUNDLE_IDENTIFIER = com.daviidcs.Networking;
				PRODUCT_NAME = "$(TARGET_NAME)";
				SWIFT_EMIT_LOC_STRINGS = YES;
				SWIFT_VERSION = 5.0;
				TARGETED_DEVICE_FAMILY = "1,2";
			};
			name = Debug;
		};
		76BA7EB22AE620A30025BD46 /* Release */ = {
			isa = XCBuildConfiguration;
			buildSettings = {
				ASSETCATALOG_COMPILER_APPICON_NAME = AppIcon;
				ASSETCATALOG_COMPILER_GLOBAL_ACCENT_COLOR_NAME = AccentColor;
				CODE_SIGN_STYLE = Automatic;
				CURRENT_PROJECT_VERSION = 1;
				DEVELOPMENT_TEAM = 74NY73AJ42;
				GENERATE_INFOPLIST_FILE = YES;
				INFOPLIST_FILE = Networking/Info.plist;
				INFOPLIST_KEY_UIApplicationSupportsIndirectInputEvents = YES;
				INFOPLIST_KEY_UILaunchStoryboardName = LaunchScreen;
				INFOPLIST_KEY_UIMainStoryboardFile = Main;
				INFOPLIST_KEY_UISupportedInterfaceOrientations_iPad = "UIInterfaceOrientationPortrait UIInterfaceOrientationPortraitUpsideDown UIInterfaceOrientationLandscapeLeft UIInterfaceOrientationLandscapeRight";
				INFOPLIST_KEY_UISupportedInterfaceOrientations_iPhone = "UIInterfaceOrientationPortrait UIInterfaceOrientationLandscapeLeft UIInterfaceOrientationLandscapeRight";
				LD_RUNPATH_SEARCH_PATHS = (
					"$(inherited)",
					"@executable_path/Frameworks",
				);
				MARKETING_VERSION = 1.0;
				PRODUCT_BUNDLE_IDENTIFIER = com.daviidcs.Networking;
				PRODUCT_NAME = "$(TARGET_NAME)";
				SWIFT_EMIT_LOC_STRINGS = YES;
				SWIFT_VERSION = 5.0;
				TARGETED_DEVICE_FAMILY = "1,2";
			};
			name = Release;
		};
/* End XCBuildConfiguration section */

/* Begin XCConfigurationList section */
		76BA7E972AE620A20025BD46 /* Build configuration list for PBXProject "Networking" */ = {
			isa = XCConfigurationList;
			buildConfigurations = (
				76BA7EAE2AE620A30025BD46 /* Debug */,
				76BA7EAF2AE620A30025BD46 /* Release */,
			);
			defaultConfigurationIsVisible = 0;
			defaultConfigurationName = Release;
		};
		76BA7EB02AE620A30025BD46 /* Build configuration list for PBXNativeTarget "Networking" */ = {
			isa = XCConfigurationList;
			buildConfigurations = (
				76BA7EB12AE620A30025BD46 /* Debug */,
				76BA7EB22AE620A30025BD46 /* Release */,
			);
			defaultConfigurationIsVisible = 0;
			defaultConfigurationName = Release;
		};
/* End XCConfigurationList section */

/* Begin XCRemoteSwiftPackageReference section */
		76BA7EB32AE6212F0025BD46 /* XCRemoteSwiftPackageReference "Alamofire" */ = {
			isa = XCRemoteSwiftPackageReference;
			repositoryURL = "https://github.com/Alamofire/Alamofire.git";
			requirement = {
				kind = upToNextMajorVersion;
				minimumVersion = 5.8.0;
			};
		};
/* End XCRemoteSwiftPackageReference section */

/* Begin XCSwiftPackageProductDependency section */
		76BA7EB42AE6212F0025BD46 /* Alamofire */ = {
			isa = XCSwiftPackageProductDependency;
			package = 76BA7EB32AE6212F0025BD46 /* XCRemoteSwiftPackageReference "Alamofire" */;
			productName = Alamofire;
		};
/* End XCSwiftPackageProductDependency section */
	};
	rootObject = 76BA7E942AE620A20025BD46 /* Project object */;
}
